
Microsoft Visual Studio Solution File, Format Version 12.00
# Visual Studio Version 17
VisualStudioVersion = 17.11.35431.28
MinimumVisualStudioVersion = 10.0.40219.1
Project("{FAE04EC0-301F-11D3-BF4B-00C04F79EFBC}") = "Carubbi.DataSinks", "Carubbi.DataSinks\Carubbi.DataSinks.csproj", "{FA48C2ED-C429-4AEA-99B3-7391D3D94D1E}"
EndProject
Project("{FAE04EC0-301F-11D3-BF4B-00C04F79EFBC}") = "Carubbi.DataSinks.Tests", "Carubbi.DataSinks.Tests\Carubbi.DataSinks.Tests.csproj", "{6B799669-B8A2-4312-95CB-B739DA20BBCC}"
EndProject
Project("{2150E333-8FDC-42A3-9474-1A3956D46DE8}") = "Solution Items", "Solution Items", "{5046E671-26CE-44B6-9EFB-A87B303CDA6A}"
	ProjectSection(SolutionItems) = preProject
		README.md = README.md
	EndProjectSection
EndProject
Global
	GlobalSection(SolutionConfigurationPlatforms) = preSolution
		Debug|Any CPU = Debug|Any CPU
		Release|Any CPU = Release|Any CPU
	EndGlobalSection
	GlobalSection(ProjectConfigurationPlatforms) = postSolution
		{FA48C2ED-C429-4AEA-99B3-7391D3D94D1E}.Debug|Any CPU.ActiveCfg = Debug|Any CPU
		{FA48C2ED-C429-4AEA-99B3-7391D3D94D1E}.Debug|Any CPU.Build.0 = Debug|Any CPU
		{FA48C2ED-C429-4AEA-99B3-7391D3D94D1E}.Release|Any CPU.ActiveCfg = Release|Any CPU
		{FA48C2ED-C429-4AEA-99B3-7391D3D94D1E}.Release|Any CPU.Build.0 = Release|Any CPU
		{6B799669-B8A2-4312-95CB-B739DA20BBCC}.Debug|Any CPU.ActiveCfg = Debug|Any CPU
		{6B799669-B8A2-4312-95CB-B739DA20BBCC}.Debug|Any CPU.Build.0 = Debug|Any CPU
		{6B799669-B8A2-4312-95CB-B739DA20BBCC}.Release|Any CPU.ActiveCfg = Release|Any CPU
		{6B799669-B8A2-4312-95CB-B739DA20BBCC}.Release|Any CPU.Build.0 = Release|Any CPU
	EndGlobalSection
	GlobalSection(SolutionProperties) = preSolution
		HideSolutionNode = FALSE
	EndGlobalSection
	GlobalSection(ExtensibilityGlobals) = postSolution
		SolutionGuid = {8161D72E-5A9C-4DF4-A785-593AC2060D8A}
	EndGlobalSection
EndGlobal
